lockfileVersion: 5.3

specifiers:
  crypto-js: ^4.1.1
  cryptojs: ^2.5.3
  sm-crypto: ^0.3.11
  typescript: ^4.9.4

dependencies:
  crypto-js: 4.1.1
  cryptojs: 2.5.3
  sm-crypto: registry.npmmirror.com/sm-crypto/0.3.11
  typescript: registry.npmmirror.com/typescript/4.9.4

packages:

  /crypto-js/4.1.1:
    resolution: {integrity: sha512-o2JlM7ydqd3Qk9CA0L4NL6mTzU2sdx96a+oOfPu8Mkl/PK51vSyoi8/rQ8NknZtk44vq15lmhAj9CIAGwgeWKw==}
    dev: false

  /cryptojs/2.5.3:
    resolution: {integrity: sha512-+rdPl1UCxE8s3R94NNn+zMKOiI4MJ7dyh3X0c5uBL3btDr4zQ6acd7f9mY7Wb5MrccZEi2Rrha3OEtLcc5XXog==}
    dev: false

  registry.npmmirror.com/jsbn/1.1.0:
    resolution: {integrity: sha512-4bYVV3aAMtDTTu4+xsDYa6sy9GyJ69/amsu9sYF2zqjiEoZA5xJi3BrfX3uY+/IekIu7MwdObdbDWpoZdBv3/A==, registry: https://registry.npm.taobao.org/, tarball: https://registry.npmmirror.com/jsbn/-/jsbn-1.1.0.tgz}
    name: jsbn
    version: 1.1.0
    dev: false

  registry.npmmirror.com/sm-crypto/0.3.11:
    resolution: {integrity: sha512-qBIyyTknmwfF8nStKHshL4Caw1AAfkar8B/voiEReENeCLtudbPt6B16QJ1mgAn1B4w0T+QDcu5XzGc7s22fWw==, registry: https://registry.npm.taobao.org/, tarball: https://registry.npmmirror.com/sm-crypto/-/sm-crypto-0.3.11.tgz}
    name: sm-crypto
    version: 0.3.11
    dependencies:
      jsbn: registry.npmmirror.com/jsbn/1.1.0
    dev: false

  registry.npmmirror.com/typescript/4.9.4:
    resolution: {integrity: sha512-Uz+dTXYzxXXbsFpM86Wh3dKCxrQqUcVMxwU54orwlJjOpO3ao8L7j5lH+dWfTwgCwIuM9GQ2kvVotzYJMXTBZg==, registry: https://registry.npm.taobao.org/, tarball: https://registry.npmmirror.com/typescript/-/typescript-4.9.4.tgz}
    name: typescript
    version: 4.9.4
    engines: {node: '>=4.2.0'}
    hasBin: true
    dev: false
